
Microsoft Visual Studio Solution File, Format Version 12.00
# Visual Studio Version 17
VisualStudioVersion = 17.3.32804.467
MinimumVisualStudioVersion = 10.0.40219.1
Project("{FAE04EC0-301F-11D3-BF4B-00C04F79EFBC}") = "CarThingMod", "CarThingMod.csproj", "{2344339C-E571-4656-8294-741AEE114B44}"
EndProject
Global
	GlobalSection(SolutionConfigurationPlatforms) = preSolution
		Debug|Any CPU = Debug|Any CPU
		Release|Any CPU = Release|Any CPU
	EndGlobalSection
	GlobalSection(ProjectConfigurationPlatforms) = postSolution
		{2344339C-E571-4656-8294-741AEE114B44}.Debug|Any CPU.ActiveCfg = Debug|Any CPU
		{2344339C-E571-4656-8294-741AEE114B44}.Debug|Any CPU.Build.0 = Debug|Any CPU
		{2344339C-E571-4656-8294-741AEE114B44}.Release|Any CPU.ActiveCfg = Release|Any CPU
		{2344339C-E571-4656-8294-741AEE114B44}.Release|Any CPU.Build.0 = Release|Any CPU
	EndGlobalSection
	GlobalSection(SolutionProperties) = preSolution
		HideSolutionNode = FALSE
	EndGlobalSection
	GlobalSection(ExtensibilityGlobals) = postSolution
		SolutionGuid = {B3C142D6-93C6-44FD-BA44-F057454E0EB1}
	EndGlobalSection
EndGlobal
